
Microsoft Visual Studio Solution File, Format Version 12.00
# Visual Studio Version 17
VisualStudioVersion = 17.7.34202.233
MinimumVisualStudioVersion = 10.0.40219.1
Project("{FAE04EC0-301F-11D3-BF4B-00C04F79EFBC}") = "AutofacDemo", "AutofacDemo\AutofacDemo.csproj", "{7402F252-E39D-4085-BF96-D1F31ACD5E29}"
EndProject
Project("{FAE04EC0-301F-11D3-BF4B-00C04F79EFBC}") = "AutofacDemo.DemoLibrary", "AutofacDemo.DemoLibrary\AutofacDemo.DemoLibrary.csproj", "{F5FEE28E-1FD6-453A-BBD6-2A416D4AA6DB}"
EndProject
Global
	GlobalSection(SolutionConfigurationPlatforms) = preSolution
		Debug|Any CPU = Debug|Any CPU
		Release|Any CPU = Release|Any CPU
	EndGlobalSection
	GlobalSection(ProjectConfigurationPlatforms) = postSolution
		{7402F252-E39D-4085-BF96-D1F31ACD5E29}.Debug|Any CPU.ActiveCfg = Debug|Any CPU
		{7402F252-E39D-4085-BF96-D1F31ACD5E29}.Debug|Any CPU.Build.0 = Debug|Any CPU
		{7402F252-E39D-4085-BF96-D1F31ACD5E29}.Release|Any CPU.ActiveCfg = Release|Any CPU
		{7402F252-E39D-4085-BF96-D1F31ACD5E29}.Release|Any CPU.Build.0 = Release|Any CPU
		{F5FEE28E-1FD6-453A-BBD6-2A416D4AA6DB}.Debug|Any CPU.ActiveCfg = Debug|Any CPU
		{F5FEE28E-1FD6-453A-BBD6-2A416D4AA6DB}.Debug|Any CPU.Build.0 = Debug|Any CPU
		{F5FEE28E-1FD6-453A-BBD6-2A416D4AA6DB}.Release|Any CPU.ActiveCfg = Release|Any CPU
		{F5FEE28E-1FD6-453A-BBD6-2A416D4AA6DB}.Release|Any CPU.Build.0 = Release|Any CPU
	EndGlobalSection
	GlobalSection(SolutionProperties) = preSolution
		HideSolutionNode = FALSE
	EndGlobalSection
	GlobalSection(ExtensibilityGlobals) = postSolution
		SolutionGuid = {D044B06E-769C-45EA-9122-F5D2DB6E79AA}
	EndGlobalSection
EndGlobal
